// !$*UTF8*$!
{
	archiveVersion = 1;
	classes = {
	};
	objectVersion = 77;
	objects = {

/* Begin PBXContainerItemProxy section */
		FE94B12D2E27568500C20F95 /* PBXContainerItemProxy */ = {
			isa = PBXContainerItemProxy;
			containerPortal = FE94B1162E27568300C20F95 /* Project object */;
			proxyType = 1;
			remoteGlobalIDString = FE94B11D2E27568300C20F95;
			remoteInfo = Todolist;
		};
		FE94B1372E27568500C20F95 /* PBXContainerItemProxy */ = {
			isa = PBXContainerItemProxy;
			containerPortal = FE94B1162E27568300C20F95 /* Project object */;
			proxyType = 1;
			remoteGlobalIDString = FE94B11D2E27568300C20F95;
			remoteInfo = Todolist;
		};
/* End PBXContainerItemProxy section */

/* Begin PBXFileReference section */
		FE94B11E2E27568300C20F95 /* Todolist.app */ = {isa = PBXFileReference; explicitFileType = wrapper.application; includeInIndex = 0; path = Todolist.app; sourceTree = BUILT_PRODUCTS_DIR; };
		FE94B12C2E27568500C20F95 /* TodolistTests.xctest */ = {isa = PBXFileReference; explicitFileType = wrapper.cfbundle; includeInIndex = 0; path = TodolistTests.xctest; sourceTree = BUILT_PRODUCTS_DIR; };
		FE94B1362E27568500C20F95 /* TodolistUITests.xctest */ = {isa = PBXFileReference; explicitFileType = wrapper.cfbundle; includeInIndex = 0; path = TodolistUITests.xctest; sourceTree = BUILT_PRODUCTS_DIR; };
/* End PBXFileReference section */

/* Begin PBXFileSystemSynchronizedRootGroup section */
		FE94B1202E27568300C20F95 /* Todolist */ = {
			isa = PBXFileSystemSynchronizedRootGroup;
			path = Todolist;
			sourceTree = "<group>";
		};
		FE94B12F2E27568500C20F95 /* TodolistTests */ = {
			isa = PBXFileSystemSynchronizedRootGroup;
			path = TodolistTests;
			sourceTree = "<group>";
		};
		FE94B1392E27568500C20F95 /* TodolistUITests */ = {
			isa = PBXFileSystemSynchronizedRootGroup;
			path = TodolistUITests;
			sourceTree = "<group>";
		};
/* End PBXFileSystemSynchronizedRootGroup section */

/* Begin PBXFrameworksBuildPhase section */
		FE94B11B2E27568300C20F95 /* Frameworks */ = {
			isa = PBXFrameworksBuildPhase;
			buildActionMask = 2147483647;
			files = (
			);
			runOnlyForDeploymentPostprocessing = 0;
		};
		FE94B1292E27568500C20F95 /* Frameworks */ = {
			isa = PBXFrameworksBuildPhase;
			buildActionMask = 2147483647;
			files = (
			);
			runOnlyForDeploymentPostprocessing = 0;
		};
		FE94B1332E27568500C20F95 /* Frameworks */ = {
			isa = PBXFrameworksBuildPhase;
			buildActionMask = 2147483647;
			files = (
			);
			runOnlyForDeploymentPostprocessing = 0;
		};
/* End PBXFrameworksBuildPhase section */

/* Begin PBXGroup section */
		FE94B1152E27568300C20F95 = {
			isa = PBXGroup;
			children = (
				FE94B1202E27568300C20F95 /* Todolist */,
				FE94B12F2E27568500C20F95 /* TodolistTests */,
				FE94B1392E27568500C20F95 /* TodolistUITests */,
				FE94B11F2E27568300C20F95 /* Products */,
			);
			sourceTree = "<group>";
		};
		FE94B11F2E27568300C20F95 /* Products */ = {
			isa = PBXGroup;
			children = (
				FE94B11E2E27568300C20F95 /* Todolist.app */,
				FE94B12C2E27568500C20F95 /* TodolistTests.xctest */,
				FE94B1362E27568500C20F95 /* TodolistUITests.xctest */,
			);
			name = Products;
			sourceTree = "<group>";
		};
/* End PBXGroup section */

/* Begin PBXNativeTarget section */
		FE94B11D2E27568300C20F95 /* Todolist */ = {
			isa = PBXNativeTarget;
			buildConfigurationList = FE94B1402E27568500C20F95 /* Build configuration list for PBXNativeTarget "Todolist" */;
			buildPhases = (
				FE94B11A2E27568300C20F95 /* Sources */,
				FE94B11B2E27568300C20F95 /* Frameworks */,
				FE94B11C2E27568300C20F95 /* Resources */,
			);
			buildRules = (
			);
			dependencies = (
			);
			fileSystemSynchronizedGroups = (
				FE94B1202E27568300C20F95 /* Todolist */,
			);
			name = Todolist;
			packageProductDependencies = (
			);
			productName = Todolist;
			productReference = FE94B11E2E27568300C20F95 /* Todolist.app */;
			productType = "com.apple.product-type.application";
		};
		FE94B12B2E27568500C20F95 /* TodolistTests */ = {
			isa = PBXNativeTarget;
			buildConfigurationList = FE94B1432E27568500C20F95 /* Build configuration list for PBXNativeTarget "TodolistTests" */;
			buildPhases = (
				FE94B1282E27568500C20F95 /* Sources */,
				FE94B1292E27568500C20F95 /* Frameworks */,
				FE94B12A2E27568500C20F95 /* Resources */,
			);
			buildRules = (
			);
			dependencies = (
				FE94B12E2E27568500C20F95 /* PBXTargetDependency */,
			);
			fileSystemSynchronizedGroups = (
				FE94B12F2E27568500C20F95 /* TodolistTests */,
			);
			name = TodolistTests;
			packageProductDependencies = (
			);
			productName = TodolistTests;
			productReference = FE94B12C2E27568500C20F95 /* TodolistTests.xctest */;
			productType = "com.apple.product-type.bundle.unit-test";
		};
		FE94B1352E27568500C20F95 /* TodolistUITests */ = {
			isa = PBXNativeTarget;
			buildConfigurationList = FE94B1462E27568500C20F95 /* Build configuration list for PBXNativeTarget "TodolistUITests" */;
			buildPhases = (
				FE94B1322E27568500C20F95 /* Sources */,
				FE94B1332E27568500C20F95 /* Frameworks */,
				FE94B1342E27568500C20F95 /* Resources */,
			);
			buildRules = (
			);
			dependencies = (
				FE94B1382E27568500C20F95 /* PBXTargetDependency */,
			);
			fileSystemSynchronizedGroups = (
				FE94B1392E27568500C20F95 /* TodolistUITests */,
			);
			name = TodolistUITests;
			packageProductDependencies = (
			);
			productName = TodolistUITests;
			productReference = FE94B1362E27568500C20F95 /* TodolistUITests.xctest */;
			productType = "com.apple.product-type.bundle.ui-testing";
		};
/* End PBXNativeTarget section */

/* Begin PBXProject section */
		FE94B1162E27568300C20F95 /* Project object */ = {
			isa = PBXProject;
			attributes = {
				BuildIndependentTargetsInParallel = 1;
				LastSwiftUpdateCheck = 1640;
				LastUpgradeCheck = 1640;
				TargetAttributes = {
					FE94B11D2E27568300C20F95 = {
						CreatedOnToolsVersion = 16.4;
					};
					FE94B12B2E27568500C20F95 = {
						CreatedOnToolsVersion = 16.4;
						TestTargetID = FE94B11D2E27568300C20F95;
					};
					FE94B1352E27568500C20F95 = {
						CreatedOnToolsVersion = 16.4;
						TestTargetID = FE94B11D2E27568300C20F95;
					};
				};
			};
			buildConfigurationList = FE94B1192E27568300C20F95 /* Build configuration list for PBXProject "Todolist" */;
			developmentRegion = en;
			hasScannedForEncodings = 0;
			knownRegions = (
				en,
				Base,
			);
			mainGroup = FE94B1152E27568300C20F95;
			minimizedProjectReferenceProxies = 1;
			preferredProjectObjectVersion = 77;
			productRefGroup = FE94B11F2E27568300C20F95 /* Products */;
			projectDirPath = "";
			projectRoot = "";
			targets = (
				FE94B11D2E27568300C20F95 /* Todolist */,
				FE94B12B2E27568500C20F95 /* TodolistTests */,
				FE94B1352E27568500C20F95 /* TodolistUITests */,
			);
		};
/* End PBXProject section */

/* Begin PBXResourcesBuildPhase section */
		FE94B11C2E27568300C20F95 /* Resources */ = {
			isa = PBXResourcesBuildPhase;
			buildActionMask = 2147483647;
			files = (
			);
			runOnlyForDeploymentPostprocessing = 0;
		};
		FE94B12A2E27568500C20F95 /* Resources */ = {
			isa = PBXResourcesBuildPhase;
			buildActionMask = 2147483647;
			files = (
			);
			runOnlyForDeploymentPostprocessing = 0;
		};
		FE94B1342E27568500C20F95 /* Resources */ = {
			isa = PBXResourcesBuildPhase;
			buildActionMask = 2147483647;
			files = (
			);
			runOnlyForDeploymentPostprocessing = 0;
		};
/* End PBXResourcesBuildPhase section */

/* Begin PBXSourcesBuildPhase section */
		FE94B11A2E27568300C20F95 /* Sources */ = {
			isa = PBXSourcesBuildPhase;
			buildActionMask = 2147483647;
			files = (
			);
			runOnlyForDeploymentPostprocessing = 0;
		};
		FE94B1282E27568500C20F95 /* Sources */ = {
			isa = PBXSourcesBuildPhase;
			buildActionMask = 2147483647;
			files = (
			);
			runOnlyForDeploymentPostprocessing = 0;
		};
		FE94B1322E27568500C20F95 /* Sources */ = {
			isa = PBXSourcesBuildPhase;
			buildActionMask = 2147483647;
			files = (
			);
			runOnlyForDeploymentPostprocessing = 0;
		};
/* End PBXSourcesBuildPhase section */

/* Begin PBXTargetDependency section */
		FE94B12E2E27568500C20F95 /* PBXTargetDependency */ = {
			isa = PBXTargetDependency;
			target = FE94B11D2E27568300C20F95 /* Todolist */;
			targetProxy = FE94B12D2E27568500C20F95 /* PBXContainerItemProxy */;
		};
		FE94B1382E27568500C20F95 /* PBXTargetDependency */ = {
			isa = PBXTargetDependency;
			target = FE94B11D2E27568300C20F95 /* Todolist */;
			targetProxy = FE94B1372E27568500C20F95 /* PBXContainerItemProxy */;
		};
/* End PBXTargetDependency section */

/* Begin XCBuildConfiguration section */
		FE94B13E2E27568500C20F95 /* Debug */ = {
			isa = XCBuildConfiguration;
			buildSettings = {
				ALWAYS_SEARCH_USER_PATHS = NO;
				ASSETCATALOG_COMPILER_GENERATE_SWIFT_ASSET_SYMBOL_EXTENSIONS = YES;
				CLANG_ANALYZER_NONNULL = YES;
				CLANG_ANALYZER_NUMBER_OBJECT_CONVERSION = YES_AGGRESSIVE;
				CLANG_CXX_LANGUAGE_STANDARD = "gnu++20";
				CLANG_ENABLE_MODULES = YES;
				CLANG_ENABLE_OBJC_ARC = YES;
				CLANG_ENABLE_OBJC_WEAK = YES;
				CLANG_WARN_BLOCK_CAPTURE_AUTORELEASING = YES;
				CLANG_WARN_BOOL_CONVERSION = YES;
				CLANG_WARN_COMMA = YES;
				CLANG_WARN_CONSTANT_CONVERSION = YES;
				CLANG_WARN_DEPRECATED_OBJC_IMPLEMENTATIONS = YES;
				CLANG_WARN_DIRECT_OBJC_ISA_USAGE = YES_ERROR;
				CLANG_WARN_DOCUMENTATION_COMMENTS = YES;
				CLANG_WARN_EMPTY_BODY = YES;
				CLANG_WARN_ENUM_CONVERSION = YES;
				CLANG_WARN_INFINITE_RECURSION = YES;
				CLANG_WARN_INT_CONVERSION = YES;
				CLANG_WARN_NON_LITERAL_NULL_CONVERSION = YES;
				CLANG_WARN_OBJC_IMPLICIT_RETAIN_SELF = YES;
				CLANG_WARN_OBJC_LITERAL_CONVERSION = YES;
				CLANG_WARN_OBJC_ROOT_CLASS = YES_ERROR;
				CLANG_WARN_QUOTED_INCLUDE_IN_FRAMEWORK_HEADER = YES;
				CLANG_WARN_RANGE_LOOP_ANALYSIS = YES;
				CLANG_WARN_STRICT_PROTOTYPES = YES;
				CLANG_WARN_SUSPICIOUS_MOVE = YES;
				CLANG_WARN_UNGUARDED_AVAILABILITY = YES_AGGRESSIVE;
				CLANG_WARN_UNREACHABLE_CODE = YES;
				CLANG_WARN__DUPLICATE_METHOD_MATCH = YES;
				COPY_PHASE_STRIP = NO;
				DEBUG_INFORMATION_FORMAT = dwarf;
				ENABLE_STRICT_OBJC_MSGSEND = YES;
				ENABLE_TESTABILITY = YES;
				ENABLE_USER_SCRIPT_SANDBOXING = YES;
				GCC_C_LANGUAGE_STANDARD = gnu17;
				GCC_DYNAMIC_NO_PIC = NO;
				GCC_NO_COMMON_BLOCKS = YES;
				GCC_OPTIMIZATION_LEVEL = 0;
				GCC_PREPROCESSOR_DEFINITIONS = (
					"DEBUG=1",
					"$(inherited)",
				);
				GCC_WARN_64_TO_32_BIT_CONVERSION = YES;
				GCC_WARN_ABOUT_RETURN_TYPE = YES_ERROR;
				GCC_WARN_UNDECLARED_SELECTOR = YES;
				GCC_WARN_UNINITIALIZED_AUTOS = YES_AGGRESSIVE;
				GCC_WARN_UNUSED_FUNCTION = YES;
				GCC_WARN_UNUSED_VARIABLE = YES;
				LOCALIZATION_PREFERS_STRING_CATALOGS = YES;
				MACOSX_DEPLOYMENT_TARGET = 15.5;
				MTL_ENABLE_DEBUG_INFO = INCLUDE_SOURCE;
				MTL_FAST_MATH = YES;
				ONLY_ACTIVE_ARCH = YES;
				SDKROOT = macosx;
				SWIFT_ACTIVE_COMPILATION_CONDITIONS = "DEBUG $(inherited)";
				SWIFT_OPTIMIZATION_LEVEL = "-Onone";
			};
			name = Debug;
		};
		FE94B13F2E27568500C20F95 /* Release */ = {
			isa = XCBuildConfiguration;
			buildSettings = {
				ALWAYS_SEARCH_USER_PATHS = NO;
				ASSETCATALOG_COMPILER_GENERATE_SWIFT_ASSET_SYMBOL_EXTENSIONS = YES;
				CLANG_ANALYZER_NONNULL = YES;
				CLANG_ANALYZER_NUMBER_OBJECT_CONVERSION = YES_AGGRESSIVE;
				CLANG_CXX_LANGUAGE_STANDARD = "gnu++20";
				CLANG_ENABLE_MODULES = YES;
				CLANG_ENABLE_OBJC_ARC = YES;
				CLANG_ENABLE_OBJC_WEAK = YES;
				CLANG_WARN_BLOCK_CAPTURE_AUTORELEASING = YES;
				CLANG_WARN_BOOL_CONVERSION = YES;
				CLANG_WARN_COMMA = YES;
				CLANG_WARN_CONSTANT_CONVERSION = YES;
				CLANG_WARN_DEPRECATED_OBJC_IMPLEMENTATIONS = YES;
				CLANG_WARN_DIRECT_OBJC_ISA_USAGE = YES_ERROR;
				CLANG_WARN_DOCUMENTATION_COMMENTS = YES;
				CLANG_WARN_EMPTY_BODY = YES;
				CLANG_WARN_ENUM_CONVERSION = YES;
				CLANG_WARN_INFINITE_RECURSION = YES;
				CLANG_WARN_INT_CONVERSION = YES;
				CLANG_WARN_NON_LITERAL_NULL_CONVERSION = YES;
				CLANG_WARN_OBJC_IMPLICIT_RETAIN_SELF = YES;
				CLANG_WARN_OBJC_LITERAL_CONVERSION = YES;
				CLANG_WARN_OBJC_ROOT_CLASS = YES_ERROR;
				CLANG_WARN_QUOTED_INCLUDE_IN_FRAMEWORK_HEADER = YES;
				CLANG_WARN_RANGE_LOOP_ANALYSIS = YES;
				CLANG_WARN_STRICT_PROTOTYPES = YES;
				CLANG_WARN_SUSPICIOUS_MOVE = YES;
				CLANG_WARN_UNGUARDED_AVAILABILITY = YES_AGGRESSIVE;
				CLANG_WARN_UNREACHABLE_CODE = YES;
				CLANG_WARN__DUPLICATE_METHOD_MATCH = YES;
				COPY_PHASE_STRIP = NO;
				DEBUG_INFORMATION_FORMAT = "dwarf-with-dsym";
				ENABLE_NS_ASSERTIONS = NO;
				ENABLE_STRICT_OBJC_MSGSEND = YES;
				ENABLE_USER_SCRIPT_SANDBOXING = YES;
				GCC_C_LANGUAGE_STANDARD = gnu17;
				GCC_NO_COMMON_BLOCKS = YES;
				GCC_WARN_64_TO_32_BIT_CONVERSION = YES;
				GCC_WARN_ABOUT_RETURN_TYPE = YES_ERROR;
				GCC_WARN_UNDECLARED_SELECTOR = YES;
				GCC_WARN_UNINITIALIZED_AUTOS = YES_AGGRESSIVE;
				GCC_WARN_UNUSED_FUNCTION = YES;
				GCC_WARN_UNUSED_VARIABLE = YES;
				LOCALIZATION_PREFERS_STRING_CATALOGS = YES;
				MACOSX_DEPLOYMENT_TARGET = 15.5;
				MTL_ENABLE_DEBUG_INFO = NO;
				MTL_FAST_MATH = YES;
				SDKROOT = macosx;
				SWIFT_COMPILATION_MODE = wholemodule;
			};
			name = Release;
		};
		FE94B1412E27568500C20F95 /* Debug */ = {
			isa = XCBuildConfiguration;
			buildSettings = {
				ASSETCATALOG_COMPILER_APPICON_NAME = AppIcon;
				ASSETCATALOG_COMPILER_GLOBAL_ACCENT_COLOR_NAME = AccentColor;
				CODE_SIGN_ENTITLEMENTS = Todolist/Todolist.entitlements;
				CODE_SIGN_STYLE = Automatic;
				COMBINE_HIDPI_IMAGES = YES;
				CURRENT_PROJECT_VERSION = 1;
				ENABLE_PREVIEWS = YES;
				GENERATE_INFOPLIST_FILE = YES;
				INFOPLIST_KEY_NSHumanReadableCopyright = "";
				LD_RUNPATH_SEARCH_PATHS = (
					"$(inherited)",
					"@executable_path/../Frameworks",
				);
				MARKETING_VERSION = 1.0;
				PRODUCT_BUNDLE_IDENTIFIER = com.sukiga.Todolist;
				PRODUCT_NAME = "$(TARGET_NAME)";
				REGISTER_APP_GROUPS = YES;
				SWIFT_EMIT_LOC_STRINGS = YES;
				SWIFT_VERSION = 5.0;
			};
			name = Debug;
		};
		FE94B1422E27568500C20F95 /* Release */ = {
			isa = XCBuildConfiguration;
			buildSettings = {
				ASSETCATALOG_COMPILER_APPICON_NAME = AppIcon;
				ASSETCATALOG_COMPILER_GLOBAL_ACCENT_COLOR_NAME = AccentColor;
				CODE_SIGN_ENTITLEMENTS = Todolist/Todolist.entitlements;
				CODE_SIGN_STYLE = Automatic;
				COMBINE_HIDPI_IMAGES = YES;
				CURRENT_PROJECT_VERSION = 1;
				ENABLE_PREVIEWS = YES;
				GENERATE_INFOPLIST_FILE = YES;
				INFOPLIST_KEY_NSHumanReadableCopyright = "";
				LD_RUNPATH_SEARCH_PATHS = (
					"$(inherited)",
					"@executable_path/../Frameworks",
				);
				MARKETING_VERSION = 1.0;
				PRODUCT_BUNDLE_IDENTIFIER = com.sukiga.Todolist;
				PRODUCT_NAME = "$(TARGET_NAME)";
				REGISTER_APP_GROUPS = YES;
				SWIFT_EMIT_LOC_STRINGS = YES;
				SWIFT_VERSION = 5.0;
			};
			name = Release;
		};
		FE94B1442E27568500C20F95 /* Debug */ = {
			isa = XCBuildConfiguration;
			buildSettings = {
				BUNDLE_LOADER = "$(TEST_HOST)";
				CODE_SIGN_STYLE = Automatic;
				CURRENT_PROJECT_VERSION = 1;
				GENERATE_INFOPLIST_FILE = YES;
				MACOSX_DEPLOYMENT_TARGET = 15.5;
				MARKETING_VERSION = 1.0;
				PRODUCT_BUNDLE_IDENTIFIER = com.sukiga.TodolistTests;
				PRODUCT_NAME = "$(TARGET_NAME)";
				SWIFT_EMIT_LOC_STRINGS = NO;
				SWIFT_VERSION = 5.0;
				TEST_HOST = "$(BUILT_PRODUCTS_DIR)/Todolist.app/$(BUNDLE_EXECUTABLE_FOLDER_PATH)/Todolist";
			};
			name = Debug;
		};
		FE94B1452E27568500C20F95 /* Release */ = {
			isa = XCBuildConfiguration;
			buildSettings = {
				BUNDLE_LOADER = "$(TEST_HOST)";
				CODE_SIGN_STYLE = Automatic;
				CURRENT_PROJECT_VERSION = 1;
				GENERATE_INFOPLIST_FILE = YES;
				MACOSX_DEPLOYMENT_TARGET = 15.5;
				MARKETING_VERSION = 1.0;
				PRODUCT_BUNDLE_IDENTIFIER = com.sukiga.TodolistTests;
				PRODUCT_NAME = "$(TARGET_NAME)";
				SWIFT_EMIT_LOC_STRINGS = NO;
				SWIFT_VERSION = 5.0;
				TEST_HOST = "$(BUILT_PRODUCTS_DIR)/Todolist.app/$(BUNDLE_EXECUTABLE_FOLDER_PATH)/Todolist";
			};
			name = Release;
		};
		FE94B1472E27568500C20F95 /* Debug */ = {
			isa = XCBuildConfiguration;
			buildSettings = {
				CODE_SIGN_STYLE = Automatic;
				CURRENT_PROJECT_VERSION = 1;
				GENERATE_INFOPLIST_FILE = YES;
				MARKETING_VERSION = 1.0;
				PRODUCT_BUNDLE_IDENTIFIER = com.sukiga.TodolistUITests;
				PRODUCT_NAME = "$(TARGET_NAME)";
				SWIFT_EMIT_LOC_STRINGS = NO;
				SWIFT_VERSION = 5.0;
				TEST_TARGET_NAME = Todolist;
			};
			name = Debug;
		};
		FE94B1482E27568500C20F95 /* Release */ = {
			isa = XCBuildConfiguration;
			buildSettings = {
				CODE_SIGN_STYLE = Automatic;
				CURRENT_PROJECT_VERSION = 1;
				GENERATE_INFOPLIST_FILE = YES;
				MARKETING_VERSION = 1.0;
				PRODUCT_BUNDLE_IDENTIFIER = com.sukiga.TodolistUITests;
				PRODUCT_NAME = "$(TARGET_NAME)";
				SWIFT_EMIT_LOC_STRINGS = NO;
				SWIFT_VERSION = 5.0;
				TEST_TARGET_NAME = Todolist;
			};
			name = Release;
		};
/* End XCBuildConfiguration section */

/* Begin XCConfigurationList section */
		FE94B1192E27568300C20F95 /* Build configuration list for PBXProject "Todolist" */ = {
			isa = XCConfigurationList;
			buildConfigurations = (
				FE94B13E2E27568500C20F95 /* Debug */,
				FE94B13F2E27568500C20F95 /* Release */,
			);
			defaultConfigurationIsVisible = 0;
			defaultConfigurationName = Release;
		};
		FE94B1402E27568500C20F95 /* Build configuration list for PBXNativeTarget "Todolist" */ = {
			isa = XCConfigurationList;
			buildConfigurations = (
				FE94B1412E27568500C20F95 /* Debug */,
				FE94B1422E27568500C20F95 /* Release */,
			);
			defaultConfigurationIsVisible = 0;
			defaultConfigurationName = Release;
		};
		FE94B1432E27568500C20F95 /* Build configuration list for PBXNativeTarget "TodolistTests" */ = {
			isa = XCConfigurationList;
			buildConfigurations = (
				FE94B1442E27568500C20F95 /* Debug */,
				FE94B1452E27568500C20F95 /* Release */,
			);
			defaultConfigurationIsVisible = 0;
			defaultConfigurationName = Release;
		};
		FE94B1462E27568500C20F95 /* Build configuration list for PBXNativeTarget "TodolistUITests" */ = {
			isa = XCConfigurationList;
			buildConfigurations = (
				FE94B1472E27568500C20F95 /* Debug */,
				FE94B1482E27568500C20F95 /* Release */,
			);
			defaultConfigurationIsVisible = 0;
			defaultConfigurationName = Release;
		};
/* End XCConfigurationList section */
	};
	rootObject = FE94B1162E27568300C20F95 /* Project object */;
}
